
Microsoft Visual Studio Solution File, Format Version 12.00
# Visual Studio Version 16
VisualStudioVersion = 16.0.31410.357
MinimumVisualStudioVersion = 10.0.40219.1
Project("{FAE04EC0-301F-11D3-BF4B-00C04F79EFBC}") = "ITCompany", "ITCompany\ITCompany.csproj", "{D14616B6-DE68-4481-BBE1-B988E22DD4B5}"
EndProject
Global
	GlobalSection(SolutionConfigurationPlatforms) = preSolution
		Debug|Any CPU = Debug|Any CPU
		Release|Any CPU = Release|Any CPU
	EndGlobalSection
	GlobalSection(ProjectConfigurationPlatforms) = postSolution
		{D14616B6-DE68-4481-BBE1-B988E22DD4B5}.Debug|Any CPU.ActiveCfg = Debug|Any CPU
		{D14616B6-DE68-4481-BBE1-B988E22DD4B5}.Debug|Any CPU.Build.0 = Debug|Any CPU
		{D14616B6-DE68-4481-BBE1-B988E22DD4B5}.Release|Any CPU.ActiveCfg = Release|Any CPU
		{D14616B6-DE68-4481-BBE1-B988E22DD4B5}.Release|Any CPU.Build.0 = Release|Any CPU
	EndGlobalSection
	GlobalSection(SolutionProperties) = preSolution
		HideSolutionNode = FALSE
	EndGlobalSection
	GlobalSection(ExtensibilityGlobals) = postSolution
		SolutionGuid = {EC05A7E0-8EE0-4802-BA95-CEF20D6CA89F}
	EndGlobalSection
EndGlobal
